
Microsoft Visual Studio Solution File, Format Version 12.00
# Visual Studio Version 17
VisualStudioVersion = 17.9.34607.119
MinimumVisualStudioVersion = 10.0.40219.1
Project("{FAE04EC0-301F-11D3-BF4B-00C04F79EFBC}") = "DSBS", "DSBS.csproj", "{616ACC52-CA43-486C-98E3-FA01D8F06CC5}"
EndProject
Global
	GlobalSection(SolutionConfigurationPlatforms) = preSolution
		Debug|Any CPU = Debug|Any CPU
		Release|Any CPU = Release|Any CPU
	EndGlobalSection
	GlobalSection(ProjectConfigurationPlatforms) = postSolution
		{616ACC52-CA43-486C-98E3-FA01D8F06CC5}.Debug|Any CPU.ActiveCfg = Debug|Any CPU
		{616ACC52-CA43-486C-98E3-FA01D8F06CC5}.Debug|Any CPU.Build.0 = Debug|Any CPU
		{616ACC52-CA43-486C-98E3-FA01D8F06CC5}.Release|Any CPU.ActiveCfg = Release|Any CPU
		{616ACC52-CA43-486C-98E3-FA01D8F06CC5}.Release|Any CPU.Build.0 = Release|Any CPU
	EndGlobalSection
	GlobalSection(SolutionProperties) = preSolution
		HideSolutionNode = FALSE
	EndGlobalSection
	GlobalSection(ExtensibilityGlobals) = postSolution
		SolutionGuid = {C3EC4E5D-D2CE-407D-9855-C989279169F6}
	EndGlobalSection
EndGlobal
